
Microsoft Visual Studio Solution File, Format Version 12.00
# Visual Studio Version 16
VisualStudioVersion = 16.0.31410.357
MinimumVisualStudioVersion = 10.0.40219.1
Project("{FAE04EC0-301F-11D3-BF4B-00C04F79EFBC}") = "Mascara Cpf ou CNpj", "Mascara Cpf ou CNpj.csproj", "{C7687289-0FB1-48D6-BEEE-42BE1DB3854C}"
EndProject
Global
	GlobalSection(SolutionConfigurationPlatforms) = preSolution
		Debug|Any CPU = Debug|Any CPU
		Release|Any CPU = Release|Any CPU
	EndGlobalSection
	GlobalSection(ProjectConfigurationPlatforms) = postSolution
		{C7687289-0FB1-48D6-BEEE-42BE1DB3854C}.Debug|Any CPU.ActiveCfg = Debug|Any CPU
		{C7687289-0FB1-48D6-BEEE-42BE1DB3854C}.Debug|Any CPU.Build.0 = Debug|Any CPU
		{C7687289-0FB1-48D6-BEEE-42BE1DB3854C}.Release|Any CPU.ActiveCfg = Release|Any CPU
		{C7687289-0FB1-48D6-BEEE-42BE1DB3854C}.Release|Any CPU.Build.0 = Release|Any CPU
	EndGlobalSection
	GlobalSection(SolutionProperties) = preSolution
		HideSolutionNode = FALSE
	EndGlobalSection
	GlobalSection(ExtensibilityGlobals) = postSolution
		SolutionGuid = {6530F36B-D717-495D-8D5B-A5505388DF1D}
	EndGlobalSection
EndGlobal
